speakeasyVersion: 1.764.0
sources:
    Gando Partner API:
        sourceNamespace: gando-partner-api
        sourceRevisionDigest: sha256:63aa105ee0dd6cb9b0bc1e39796bfbfc62a3c2abf5b0e3366516527199cee919
        sourceBlobDigest: sha256:73b4f8e9c1593a66d6f69f76a54aa9b1db804c18fedbb7747995958f41e21cc2
        tags:
            - latest
            - 1.0.0
targets:
    gando:
        source: Gando Partner API
        sourceNamespace: gando-partner-api
        sourceRevisionDigest: sha256:63aa105ee0dd6cb9b0bc1e39796bfbfc62a3c2abf5b0e3366516527199cee919
        sourceBlobDigest: sha256:73b4f8e9c1593a66d6f69f76a54aa9b1db804c18fedbb7747995958f41e21cc2
        codeSamplesNamespace: gando-partner-api-php-code-samples
        codeSamplesRevisionDigest: sha256:4438d57ee9226cdeaa67daa25ba58bdce64d8e5266386cb472843afd2ca416b9
workflow:
    workflowVersion: 1.0.0
    speakeasyVersion: latest
    sources:
        Gando Partner API:
            inputs:
                - location: ./partner.json
            output: .speakeasy/out.openapi.yaml
            registry:
                location: registry.speakeasyapi.dev/gando/gando/gando-partner-api
    targets:
        gando:
            target: php
            source: Gando Partner API
            publish:
                packagist:
                    username: $packagist_username
                    token: $packagist_token
            codeSamples:
                registry:
                    location: registry.speakeasyapi.dev/gando/gando/gando-partner-api-php-code-samples
                labelOverride:
                    fixedValue: Php (SDK)
                blocking: false
