speakeasyVersion: 1.788.0
sources:
    Gando Partner API:
        sourceNamespace: gando-partner-api
        sourceRevisionDigest: sha256:a4d4f32543abf5fa87ff06ff80878201f363b5cb3076e9a3fad1dd8fb0b1ab56
        sourceBlobDigest: sha256:368fc2a10fd1f14972e07ea7bd62c8e03f22673269e797227b7b4b8c445c69b9
        tags:
            - latest
            - 1.0.0
targets:
    gando:
        source: Gando Partner API
        sourceNamespace: gando-partner-api
        sourceRevisionDigest: sha256:a4d4f32543abf5fa87ff06ff80878201f363b5cb3076e9a3fad1dd8fb0b1ab56
        sourceBlobDigest: sha256:368fc2a10fd1f14972e07ea7bd62c8e03f22673269e797227b7b4b8c445c69b9
        codeSamplesNamespace: gando-partner-api-php-code-samples
        codeSamplesRevisionDigest: sha256:3fa71a13c3f06e173be34455a4201f58dc5a7152c7a86c6b3f9b5fc809581ac6
workflow:
    workflowVersion: 1.0.0
    speakeasyVersion: latest
    sources:
        Gando Partner API:
            inputs:
                - location: ./partner.json
            output: .speakeasy/out.openapi.yaml
            registry:
                location: registry.speakeasyapi.dev/gando/gando/gando-partner-api
    targets:
        gando:
            target: php
            source: Gando Partner API
            publish:
                packagist:
                    username: $packagist_username
                    token: $packagist_token
            codeSamples:
                registry:
                    location: registry.speakeasyapi.dev/gando/gando/gando-partner-api-php-code-samples
                labelOverride:
                    fixedValue: Php (SDK)
                blocking: false
