speakeasyVersion: 1.764.0
sources:
    Gando Partner API:
        sourceNamespace: gando-partner-api
        sourceRevisionDigest: sha256:34117e17768f39e54cfeef73156813ec959af7189a84297fc16cc523f0bdf925
        sourceBlobDigest: sha256:2e4a626aaf9ad808f3913b30b878c793967d0dcc07dc0202555de90076e2f87e
        tags:
            - latest
            - 1.0.0
targets:
    gando:
        source: Gando Partner API
        sourceNamespace: gando-partner-api
        sourceRevisionDigest: sha256:34117e17768f39e54cfeef73156813ec959af7189a84297fc16cc523f0bdf925
        sourceBlobDigest: sha256:2e4a626aaf9ad808f3913b30b878c793967d0dcc07dc0202555de90076e2f87e
        codeSamplesNamespace: gando-partner-api-php-code-samples
        codeSamplesRevisionDigest: sha256:f953fa7789b5a77ccaa43f4adabed077de49749717490fa0588be5862f9ad826
workflow:
    workflowVersion: 1.0.0
    speakeasyVersion: latest
    sources:
        Gando Partner API:
            inputs:
                - location: ./partner.json
            output: .speakeasy/out.openapi.yaml
            registry:
                location: registry.speakeasyapi.dev/gando/gando/gando-partner-api
    targets:
        gando:
            target: php
            source: Gando Partner API
            publish:
                packagist:
                    username: $packagist_username
                    token: $packagist_token
            codeSamples:
                registry:
                    location: registry.speakeasyapi.dev/gando/gando/gando-partner-api-php-code-samples
                labelOverride:
                    fixedValue: Php (SDK)
                blocking: false
